github.com/gofrs/uuid v4.2.0+incompatible h1:yyYWMnhkhrKwwr8gAOcOCYxOOscHgDS9yZgBrnJfGa0=
github.com/gofrs/uuid v4.2.0+incompatible/go.mod h1:b2aQJv3Z4Fp6yNu3cdSllBxTCLRxnplIgP/c0N/04lM=
github.com/google/go-cmp v0.5.9 h1:O2Tfq5qg4qc4AmwVlvv0oLiVAGB7enBSJ2x2DqQFi38=
github.com/gorilla/websocket v1.5.3 h1:saDtZ6Pbx/0u+bgYQ3q96pZgCzfhKXGPqt7kZ72aNNg=
github.com/gorilla/websocket v1.5.3/go.mod h1:YR8l580nyteQvAITg2hZ9XVh4b55+EU/adAjf1fMHhE=
github.com/traPtitech/go-traq v0.0.0-20240725071454-97c7b85dc879 h1:kkMhrXZXa7aP57ay31a3AydSPcDU1K73vXRYrSPs+P8=
github.com/traPtitech/go-traq v0.0.0-20240725071454-97c7b85dc879/go.mod h1:7yJs1m/ddCG39XF78GA8FrXqyc4fNPfHp8BSLjMVMY8=
github.com/traPtitech/traq-ws-bot v1.1.2 h1:gBmSJ2B4lx/zAzL3aBxbe7jGEPVNhJviWVard40yU7s=
github.com/traPtitech/traq-ws-bot v1.1.2/go.mod h1:mnUHbZiFLydoUxS2q8kzR1E+1RMRXrmEpUdSAxh0jvo=
golang.org/x/oauth2 v0.22.0 h1:BzDx2FehcG7jJwgWLELCdmLuxk2i+x9UDpSiss2u0ZA=
golang.org/x/oauth2 v0.22.0/go.mod h1:XYTD2NtWslqkgxebSiOHnXEap4TF09sJSc7H1sXbhtI=
